
Microsoft Visual Studio Solution File, Format Version 12.00
# Visual Studio Version 17
VisualStudioVersion = 17.0.31919.166
MinimumVisualStudioVersion = 10.0.40219.1
Project("{9A19103F-16F7-4668-BE54-9A1E7A4F7556}") = "Catalog", "Catalog.csproj", "{949231EA-F45C-4798-A9D0-0B079650D330}"
EndProject
Global
	GlobalSection(SolutionConfigurationPlatforms) = preSolution
		Debug|Any CPU = Debug|Any CPU
		Release|Any CPU = Release|Any CPU
	EndGlobalSection
	GlobalSection(ProjectConfigurationPlatforms) = postSolution
		{949231EA-F45C-4798-A9D0-0B079650D330}.Debug|Any CPU.ActiveCfg = Debug|Any CPU
		{949231EA-F45C-4798-A9D0-0B079650D330}.Debug|Any CPU.Build.0 = Debug|Any CPU
		{949231EA-F45C-4798-A9D0-0B079650D330}.Release|Any CPU.ActiveCfg = Release|Any CPU
		{949231EA-F45C-4798-A9D0-0B079650D330}.Release|Any CPU.Build.0 = Release|Any CPU
	EndGlobalSection
	GlobalSection(SolutionProperties) = preSolution
		HideSolutionNode = FALSE
	EndGlobalSection
	GlobalSection(ExtensibilityGlobals) = postSolution
		SolutionGuid = {BDA5F09E-9D51-44F6-AA4A-6988F1401DDB}
	EndGlobalSection
EndGlobal
